// !$*UTF8*$!
{
	archiveVersion = 1;
	classes = {
	};
	objectVersion = 56;
	objects = {

/* Begin PBXBuildFile section */
		730041EC2968210A0051B588 /* UITextField+SetPaddingPoints.swift in Sources */ = {isa = PBXBuildFile; fileRef = 730041EB2968210A0051B588 /* UITextField+SetPaddingPoints.swift */; };
		7307A0002978A732000D83C9 /* Story.swift in Sources */ = {isa = PBXBuildFile; fileRef = 73079FFF2978A732000D83C9 /* Story.swift */; };
		737E881C29798047006E79AE /* CategoriesSection.swift in Sources */ = {isa = PBXBuildFile; fileRef = 737E881B29798047006E79AE /* CategoriesSection.swift */; };
		737E881E297986C7006E79AE /* CategoriesCell.swift in Sources */ = {isa = PBXBuildFile; fileRef = 737E881D297986C7006E79AE /* CategoriesCell.swift */; };
		737E882129798D97006E79AE /* UICollectionView+dequeReusable.swift in Sources */ = {isa = PBXBuildFile; fileRef = 737E882029798D97006E79AE /* UICollectionView+dequeReusable.swift */; };
		737E882329798DF9006E79AE /* UICollectionView+register.swift in Sources */ = {isa = PBXBuildFile; fileRef = 737E882229798DF9006E79AE /* UICollectionView+register.swift */; };
		737E88252979A90B006E79AE /* CategoryView.swift in Sources */ = {isa = PBXBuildFile; fileRef = 737E88242979A90B006E79AE /* CategoryView.swift */; };
		737E88272979AA24006E79AE /* Category.swift in Sources */ = {isa = PBXBuildFile; fileRef = 737E88262979AA24006E79AE /* Category.swift */; };
		737E88292979AD08006E79AE /* CategoriesView.swift in Sources */ = {isa = PBXBuildFile; fileRef = 737E88282979AD08006E79AE /* CategoriesView.swift */; };
		7385427D29787D2300176F5B /* AppTabBarController.swift in Sources */ = {isa = PBXBuildFile; fileRef = 7385427C29787D2300176F5B /* AppTabBarController.swift */; };
		7385428029787D6800176F5B /* HomeViewController.swift in Sources */ = {isa = PBXBuildFile; fileRef = 7385427F29787D6800176F5B /* HomeViewController.swift */; };
		7385428229787DA500176F5B /* GoodAfterNoonView.swift in Sources */ = {isa = PBXBuildFile; fileRef = 7385428129787DA500176F5B /* GoodAfterNoonView.swift */; };
		7385428529787DBE00176F5B /* CircledImageView.swift in Sources */ = {isa = PBXBuildFile; fileRef = 7385428429787DBE00176F5B /* CircledImageView.swift */; };
		7385429A29787E4600176F5B /* SignUpViewController.swift in Sources */ = {isa = PBXBuildFile; fileRef = 7385428729787E4600176F5B /* SignUpViewController.swift */; };
		7385429B29787E4600176F5B /* FormTextField.swift in Sources */ = {isa = PBXBuildFile; fileRef = 7385428929787E4600176F5B /* FormTextField.swift */; };
		7385429C29787E4600176F5B /* BlueredView.swift in Sources */ = {isa = PBXBuildFile; fileRef = 7385428A29787E4600176F5B /* BlueredView.swift */; };
		7385429D29787E4600176F5B /* UserDetailView.swift in Sources */ = {isa = PBXBuildFile; fileRef = 7385428B29787E4600176F5B /* UserDetailView.swift */; };
		7385429E29787E4600176F5B /* AccentGreenButton.swift in Sources */ = {isa = PBXBuildFile; fileRef = 7385428C29787E4600176F5B /* AccentGreenButton.swift */; };
		7385429F29787E4600176F5B /* VerticalStackView.swift in Sources */ = {isa = PBXBuildFile; fileRef = 7385428D29787E4600176F5B /* VerticalStackView.swift */; };
		738542A029787E4600176F5B /* LoginSignUpFlowViewController.swift in Sources */ = {isa = PBXBuildFile; fileRef = 7385428E29787E4600176F5B /* LoginSignUpFlowViewController.swift */; };
		738542A129787E4600176F5B /* SocialMediaButton.swift in Sources */ = {isa = PBXBuildFile; fileRef = 7385428F29787E4600176F5B /* SocialMediaButton.swift */; };
		738542A229787E4600176F5B /* GeneryCell.swift in Sources */ = {isa = PBXBuildFile; fileRef = 7385429129787E4600176F5B /* GeneryCell.swift */; };
		738542A329787E4600176F5B /* SelectGeneresViewController.swift in Sources */ = {isa = PBXBuildFile; fileRef = 7385429229787E4600176F5B /* SelectGeneresViewController.swift */; };
		738542A429787E4600176F5B /* RecoverPasswordViewController.swift in Sources */ = {isa = PBXBuildFile; fileRef = 7385429429787E4600176F5B /* RecoverPasswordViewController.swift */; };
		738542A529787E4600176F5B /* VerifyCodeViewController.swift in Sources */ = {isa = PBXBuildFile; fileRef = 7385429529787E4600176F5B /* VerifyCodeViewController.swift */; };
		738542A629787E4600176F5B /* SetPasswordViewController.swift in Sources */ = {isa = PBXBuildFile; fileRef = 7385429629787E4600176F5B /* SetPasswordViewController.swift */; };
		738542A729787E4600176F5B /* LoginEmailViewController.swift in Sources */ = {isa = PBXBuildFile; fileRef = 7385429829787E4600176F5B /* LoginEmailViewController.swift */; };
		738542A829787E4600176F5B /* LoginPasswordViewController.swift in Sources */ = {isa = PBXBuildFile; fileRef = 7385429929787E4600176F5B /* LoginPasswordViewController.swift */; };
		738542AB29787E5F00176F5B /* UICollectionViewCell+identifer.swift in Sources */ = {isa = PBXBuildFile; fileRef = 738542AA29787E5F00176F5B /* UICollectionViewCell+identifer.swift */; };
		738542AE29787F7500176F5B /* StoriesSection.swift in Sources */ = {isa = PBXBuildFile; fileRef = 738542AD29787F7500176F5B /* StoriesSection.swift */; };
		738542B129787F8800176F5B /* StoryCell.swift in Sources */ = {isa = PBXBuildFile; fileRef = 738542B029787F8800176F5B /* StoryCell.swift */; };
		738542B429787F9100176F5B /* CollectionViewSectionDelegate.swift in Sources */ = {isa = PBXBuildFile; fileRef = 738542B329787F9100176F5B /* CollectionViewSectionDelegate.swift */; };
		738542B92978801E00176F5B /* ExploreViewController.swift in Sources */ = {isa = PBXBuildFile; fileRef = 738542B62978801E00176F5B /* ExploreViewController.swift */; };
		738542BA2978801E00176F5B /* LibraryViewController.swift in Sources */ = {isa = PBXBuildFile; fileRef = 738542B82978801E00176F5B /* LibraryViewController.swift */; };
		73A7AFD62979E3F500CA70ED /* CardSection.swift in Sources */ = {isa = PBXBuildFile; fileRef = 73A7AFD52979E3F500CA70ED /* CardSection.swift */; };
		73A7AFD82979E65A00CA70ED /* CartCell.swift in Sources */ = {isa = PBXBuildFile; fileRef = 73A7AFD72979E65A00CA70ED /* CartCell.swift */; };
		73A7AFDA2979ECFD00CA70ED /* BooksSection.swift in Sources */ = {isa = PBXBuildFile; fileRef = 73A7AFD92979ECFD00CA70ED /* BooksSection.swift */; };
		73A7AFDC2979EDED00CA70ED /* Book.swift in Sources */ = {isa = PBXBuildFile; fileRef = 73A7AFDB2979EDED00CA70ED /* Book.swift */; };
		73A7AFDF2979F4CB00CA70ED /* UIImage+imageWithColor.swift in Sources */ = {isa = PBXBuildFile; fileRef = 73A7AFDE2979F4CA00CA70ED /* UIImage+imageWithColor.swift */; };
		73C24F8D297C34D5003718CA /* BookCell.swift in Sources */ = {isa = PBXBuildFile; fileRef = 73C24F8C297C34D5003718CA /* BookCell.swift */; };
		73C24F8F297C4C24003718CA /* BookView.swift in Sources */ = {isa = PBXBuildFile; fileRef = 73C24F8E297C4C24003718CA /* BookView.swift */; };
		73C24F92297C6CBD003718CA /* BooksSectionHeaderView.swift in Sources */ = {isa = PBXBuildFile; fileRef = 73C24F91297C6CBD003718CA /* BooksSectionHeaderView.swift */; };
		73F08FC62966F76400E41566 /* AppDelegate.swift in Sources */ = {isa = PBXBuildFile; fileRef = 73F08FC52966F76400E41566 /* AppDelegate.swift */; };
		73F08FC82966F76400E41566 /* SceneDelegate.swift in Sources */ = {isa = PBXBuildFile; fileRef = 73F08FC72966F76400E41566 /* SceneDelegate.swift */; };
		73F08FCF2966F76400E41566 /* Assets.xcassets in Resources */ = {isa = PBXBuildFile; fileRef = 73F08FCE2966F76400E41566 /* Assets.xcassets */; };
		73F08FD22966F76400E41566 /* LaunchScreen.storyboard in Resources */ = {isa = PBXBuildFile; fileRef = 73F08FD02966F76400E41566 /* LaunchScreen.storyboard */; };
		73F08FDD2966F76500E41566 /* Book_NexusTests.swift in Sources */ = {isa = PBXBuildFile; fileRef = 73F08FDC2966F76500E41566 /* Book_NexusTests.swift */; };
		73F08FE72966F76500E41566 /* Book_NexusUITests.swift in Sources */ = {isa = PBXBuildFile; fileRef = 73F08FE62966F76500E41566 /* Book_NexusUITests.swift */; };
		73F08FE92966F76500E41566 /* Book_NexusUITestsLaunchTests.swift in Sources */ = {isa = PBXBuildFile; fileRef = 73F08FE82966F76500E41566 /* Book_NexusUITestsLaunchTests.swift */; };
		73F08FF62966F96700E41566 /* README.md in Resources */ = {isa = PBXBuildFile; fileRef = 73F08FF52966F96700E41566 /* README.md */; };
		73F08FF82966F97100E41566 /* LICENSE in Resources */ = {isa = PBXBuildFile; fileRef = 73F08FF72966F97000E41566 /* LICENSE */; };
		73F08FFC2966FE0F00E41566 /* ColorsManager.swift in Sources */ = {isa = PBXBuildFile; fileRef = 73F08FFB2966FE0F00E41566 /* ColorsManager.swift */; };
		73F08FFE29670B8200E41566 /* ImagesManager.swift in Sources */ = {isa = PBXBuildFile; fileRef = 73F08FFD29670B8200E41566 /* ImagesManager.swift */; };
		73F090012967145D00E41566 /* UIView+MakeConstraints.swift in Sources */ = {isa = PBXBuildFile; fileRef = 73F090002967145D00E41566 /* UIView+MakeConstraints.swift */; };
		73F0900429672A0700E41566 /* UIView+CenterInSuperviewConstraints.swift in Sources */ = {isa = PBXBuildFile; fileRef = 73F0900329672A0700E41566 /* UIView+CenterInSuperviewConstraints.swift */; };
		73F0900629672BC800E41566 /* UIView+SizeConstraints.swift in Sources */ = {isa = PBXBuildFile; fileRef = 73F0900529672BC800E41566 /* UIView+SizeConstraints.swift */; };
		73F0900829672C4C00E41566 /* UIView+FillSuperviewConstraints.swift in Sources */ = {isa = PBXBuildFile; fileRef = 73F0900729672C4C00E41566 /* UIView+FillSuperviewConstraints.swift */; };
/* End PBXBuildFile section */

/* Begin PBXContainerItemProxy section */
		73F08FD92966F76500E41566 /* PBXContainerItemProxy */ = {
			isa = PBXContainerItemProxy;
			containerPortal = 73F08FBA2966F76400E41566 /* Project object */;
			proxyType = 1;
			remoteGlobalIDString = 73F08FC12966F76400E41566;
			remoteInfo = "Book Nexus";
		};
		73F08FE32966F76500E41566 /* PBXContainerItemProxy */ = {
			isa = PBXContainerItemProxy;
			containerPortal = 73F08FBA2966F76400E41566 /* Project object */;
			proxyType = 1;
			remoteGlobalIDString = 73F08FC12966F76400E41566;
			remoteInfo = "Book Nexus";
		};
/* End PBXContainerItemProxy section */

/* Begin PBXFileReference section */
		730041EB2968210A0051B588 /* UITextField+SetPaddingPoints.swift */ = {isa = PBXFileReference; lastKnownFileType = sourcecode.swift; path = "UITextField+SetPaddingPoints.swift"; sourceTree = "<group>"; };
		73079FFF2978A732000D83C9 /* Story.swift */ = {isa = PBXFileReference; lastKnownFileType = sourcecode.swift; path = Story.swift; sourceTree = "<group>"; };
		737E881B29798047006E79AE /* CategoriesSection.swift */ = {isa = PBXFileReference; lastKnownFileType = sourcecode.swift; path = CategoriesSection.swift; sourceTree = "<group>"; };
		737E881D297986C7006E79AE /* CategoriesCell.swift */ = {isa = PBXFileReference; lastKnownFileType = sourcecode.swift; path = CategoriesCell.swift; sourceTree = "<group>"; };
		737E882029798D97006E79AE /* UICollectionView+dequeReusable.swift */ = {isa = PBXFileReference; lastKnownFileType = sourcecode.swift; path = "UICollectionView+dequeReusable.swift"; sourceTree = "<group>"; };
		737E882229798DF9006E79AE /* UICollectionView+register.swift */ = {isa = PBXFileReference; lastKnownFileType = sourcecode.swift; path = "UICollectionView+register.swift"; sourceTree = "<group>"; };
		737E88242979A90B006E79AE /* CategoryView.swift */ = {isa = PBXFileReference; lastKnownFileType = sourcecode.swift; path = CategoryView.swift; sourceTree = "<group>"; };
		737E88262979AA24006E79AE /* Category.swift */ = {isa = PBXFileReference; lastKnownFileType = sourcecode.swift; path = Category.swift; sourceTree = "<group>"; };
		737E88282979AD08006E79AE /* CategoriesView.swift */ = {isa = PBXFileReference; lastKnownFileType = sourcecode.swift; path = CategoriesView.swift; sourceTree = "<group>"; };
		7385427C29787D2300176F5B /* AppTabBarController.swift */ = {isa = PBXFileReference; lastKnownFileType = sourcecode.swift; path = AppTabBarController.swift; sourceTree = "<group>"; };
		7385427F29787D6800176F5B /* HomeViewController.swift */ = {isa = PBXFileReference; fileEncoding = 4; lastKnownFileType = sourcecode.swift; path = HomeViewController.swift; sourceTree = "<group>"; };
		7385428129787DA500176F5B /* GoodAfterNoonView.swift */ = {isa = PBXFileReference; fileEncoding = 4; lastKnownFileType = sourcecode.swift; path = GoodAfterNoonView.swift; sourceTree = "<group>"; };
		7385428429787DBE00176F5B /* CircledImageView.swift */ = {isa = PBXFileReference; fileEncoding = 4; lastKnownFileType = sourcecode.swift; path = CircledImageView.swift; sourceTree = "<group>"; };
		7385428729787E4600176F5B /* SignUpViewController.swift */ = {isa = PBXFileReference; fileEncoding = 4; lastKnownFileType = sourcecode.swift; path = SignUpViewController.swift; sourceTree = "<group>"; };
		7385428929787E4600176F5B /* FormTextField.swift */ = {isa = PBXFileReference; fileEncoding = 4; lastKnownFileType = sourcecode.swift; path = FormTextField.swift; sourceTree = "<group>"; };
		7385428A29787E4600176F5B /* BlueredView.swift */ = {isa = PBXFileReference; fileEncoding = 4; lastKnownFileType = sourcecode.swift; path = BlueredView.swift; sourceTree = "<group>"; };
		7385428B29787E4600176F5B /* UserDetailView.swift */ = {isa = PBXFileReference; fileEncoding = 4; lastKnownFileType = sourcecode.swift; path = UserDetailView.swift; sourceTree = "<group>"; };
		7385428C29787E4600176F5B /* AccentGreenButton.swift */ = {isa = PBXFileReference; fileEncoding = 4; lastKnownFileType = sourcecode.swift; path = AccentGreenButton.swift; sourceTree = "<group>"; };
		7385428D29787E4600176F5B /* VerticalStackView.swift */ = {isa = PBXFileReference; fileEncoding = 4; lastKnownFileType = sourcecode.swift; path = VerticalStackView.swift; sourceTree = "<group>"; };
		7385428E29787E4600176F5B /* LoginSignUpFlowViewController.swift */ = {isa = PBXFileReference; fileEncoding = 4; lastKnownFileType = sourcecode.swift; path = LoginSignUpFlowViewController.swift; sourceTree = "<group>"; };
		7385428F29787E4600176F5B /* SocialMediaButton.swift */ = {isa = PBXFileReference; fileEncoding = 4; lastKnownFileType = sourcecode.swift; path = SocialMediaButton.swift; sourceTree = "<group>"; };
		7385429129787E4600176F5B /* GeneryCell.swift */ = {isa = PBXFileReference; fileEncoding = 4; lastKnownFileType = sourcecode.swift; path = GeneryCell.swift; sourceTree = "<group>"; };
		7385429229787E4600176F5B /* SelectGeneresViewController.swift */ = {isa = PBXFileReference; fileEncoding = 4; lastKnownFileType = sourcecode.swift; path = SelectGeneresViewController.swift; sourceTree = "<group>"; };
		7385429429787E4600176F5B /* RecoverPasswordViewController.swift */ = {isa = PBXFileReference; fileEncoding = 4; lastKnownFileType = sourcecode.swift; path = RecoverPasswordViewController.swift; sourceTree = "<group>"; };
		7385429529787E4600176F5B /* VerifyCodeViewController.swift */ = {isa = PBXFileReference; fileEncoding = 4; lastKnownFileType = sourcecode.swift; path = VerifyCodeViewController.swift; sourceTree = "<group>"; };
		7385429629787E4600176F5B /* SetPasswordViewController.swift */ = {isa = PBXFileReference; fileEncoding = 4; lastKnownFileType = sourcecode.swift; path = SetPasswordViewController.swift; sourceTree = "<group>"; };
		7385429829787E4600176F5B /* LoginEmailViewController.swift */ = {isa = PBXFileReference; fileEncoding = 4; lastKnownFileType = sourcecode.swift; path = LoginEmailViewController.swift; sourceTree = "<group>"; };
		7385429929787E4600176F5B /* LoginPasswordViewController.swift */ = {isa = PBXFileReference; fileEncoding = 4; lastKnownFileType = sourcecode.swift; path = LoginPasswordViewController.swift; sourceTree = "<group>"; };
		738542AA29787E5F00176F5B /* UICollectionViewCell+identifer.swift */ = {isa = PBXFileReference; fileEncoding = 4; lastKnownFileType = sourcecode.swift; path = "UICollectionViewCell+identifer.swift"; sourceTree = "<group>"; };
		738542AD29787F7500176F5B /* StoriesSection.swift */ = {isa = PBXFileReference; fileEncoding = 4; lastKnownFileType = sourcecode.swift; path = StoriesSection.swift; sourceTree = "<group>"; };
		738542B029787F8800176F5B /* StoryCell.swift */ = {isa = PBXFileReference; fileEncoding = 4; lastKnownFileType = sourcecode.swift; path = StoryCell.swift; sourceTree = "<group>"; };
		738542B329787F9100176F5B /* CollectionViewSectionDelegate.swift */ = {isa = PBXFileReference; fileEncoding = 4; lastKnownFileType = sourcecode.swift; path = CollectionViewSectionDelegate.swift; sourceTree = "<group>"; };
		738542B62978801E00176F5B /* ExploreViewController.swift */ = {isa = PBXFileReference; fileEncoding = 4; lastKnownFileType = sourcecode.swift; path = ExploreViewController.swift; sourceTree = "<group>"; };
		738542B82978801E00176F5B /* LibraryViewController.swift */ = {isa = PBXFileReference; fileEncoding = 4; lastKnownFileType = sourcecode.swift; path = LibraryViewController.swift; sourceTree = "<group>"; };
		73A7AFD52979E3F500CA70ED /* CardSection.swift */ = {isa = PBXFileReference; lastKnownFileType = sourcecode.swift; path = CardSection.swift; sourceTree = "<group>"; };
		73A7AFD72979E65A00CA70ED /* CartCell.swift */ = {isa = PBXFileReference; lastKnownFileType = sourcecode.swift; path = CartCell.swift; sourceTree = "<group>"; };
		73A7AFD92979ECFD00CA70ED /* BooksSection.swift */ = {isa = PBXFileReference; lastKnownFileType = sourcecode.swift; path = BooksSection.swift; sourceTree = "<group>"; };
		73A7AFDB2979EDED00CA70ED /* Book.swift */ = {isa = PBXFileReference; lastKnownFileType = sourcecode.swift; path = Book.swift; sourceTree = "<group>"; };
		73A7AFDE2979F4CA00CA70ED /* UIImage+imageWithColor.swift */ = {isa = PBXFileReference; lastKnownFileType = sourcecode.swift; path = "UIImage+imageWithColor.swift"; sourceTree = "<group>"; };
		73C24F8C297C34D5003718CA /* BookCell.swift */ = {isa = PBXFileReference; lastKnownFileType = sourcecode.swift; path = BookCell.swift; sourceTree = "<group>"; };
		73C24F8E297C4C24003718CA /* BookView.swift */ = {isa = PBXFileReference; lastKnownFileType = sourcecode.swift; path = BookView.swift; sourceTree = "<group>"; };
		73C24F91297C6CBD003718CA /* BooksSectionHeaderView.swift */ = {isa = PBXFileReference; lastKnownFileType = sourcecode.swift; path = BooksSectionHeaderView.swift; sourceTree = "<group>"; };
		73F08FC22966F76400E41566 /* Book Nexus.app */ = {isa = PBXFileReference; explicitFileType = wrapper.application; includeInIndex = 0; path = "Book Nexus.app"; sourceTree = BUILT_PRODUCTS_DIR; };
		73F08FC52966F76400E41566 /* AppDelegate.swift */ = {isa = PBXFileReference; lastKnownFileType = sourcecode.swift; path = AppDelegate.swift; sourceTree = "<group>"; };
		73F08FC72966F76400E41566 /* SceneDelegate.swift */ = {isa = PBXFileReference; lastKnownFileType = sourcecode.swift; path = SceneDelegate.swift; sourceTree = "<group>"; };
		73F08FCE2966F76400E41566 /* Assets.xcassets */ = {isa = PBXFileReference; lastKnownFileType = folder.assetcatalog; path = Assets.xcassets; sourceTree = "<group>"; };
		73F08FD12966F76400E41566 /* Base */ = {isa = PBXFileReference; lastKnownFileType = file.storyboard; name = Base; path = Base.lproj/LaunchScreen.storyboard; sourceTree = "<group>"; };
		73F08FD32966F76400E41566 /* Info.plist */ = {isa = PBXFileReference; lastKnownFileType = text.plist.xml; path = Info.plist; sourceTree = "<group>"; };
		73F08FD82966F76500E41566 /* Book NexusTests.xctest */ = {isa = PBXFileReference; explicitFileType = wrapper.cfbundle; includeInIndex = 0; path = "Book NexusTests.xctest"; sourceTree = BUILT_PRODUCTS_DIR; };
		73F08FDC2966F76500E41566 /* Book_NexusTests.swift */ = {isa = PBXFileReference; lastKnownFileType = sourcecode.swift; path = Book_NexusTests.swift; sourceTree = "<group>"; };
		73F08FE22966F76500E41566 /* Book NexusUITests.xctest */ = {isa = PBXFileReference; explicitFileType = wrapper.cfbundle; includeInIndex = 0; path = "Book NexusUITests.xctest"; sourceTree = BUILT_PRODUCTS_DIR; };
		73F08FE62966F76500E41566 /* Book_NexusUITests.swift */ = {isa = PBXFileReference; lastKnownFileType = sourcecode.swift; path = Book_NexusUITests.swift; sourceTree = "<group>"; };
		73F08FE82966F76500E41566 /* Book_NexusUITestsLaunchTests.swift */ = {isa = PBXFileReference; lastKnownFileType = sourcecode.swift; path = Book_NexusUITestsLaunchTests.swift; sourceTree = "<group>"; };
		73F08FF52966F96700E41566 /* README.md */ = {isa = PBXFileReference; fileEncoding = 4; lastKnownFileType = net.daringfireball.markdown; path = README.md; sourceTree = SOURCE_ROOT; };
		73F08FF72966F97000E41566 /* LICENSE */ = {isa = PBXFileReference; fileEncoding = 4; lastKnownFileType = text; path = LICENSE; sourceTree = SOURCE_ROOT; };
		73F08FFB2966FE0F00E41566 /* ColorsManager.swift */ = {isa = PBXFileReference; lastKnownFileType = sourcecode.swift; path = ColorsManager.swift; sourceTree = "<group>"; };
		73F08FFD29670B8200E41566 /* ImagesManager.swift */ = {isa = PBXFileReference; lastKnownFileType = sourcecode.swift; path = ImagesManager.swift; sourceTree = "<group>"; };
		73F090002967145D00E41566 /* UIView+MakeConstraints.swift */ = {isa = PBXFileReference; lastKnownFileType = sourcecode.swift; path = "UIView+MakeConstraints.swift"; sourceTree = "<group>"; };
		73F0900329672A0700E41566 /* UIView+CenterInSuperviewConstraints.swift */ = {isa = PBXFileReference; lastKnownFileType = sourcecode.swift; path = "UIView+CenterInSuperviewConstraints.swift"; sourceTree = "<group>"; };
		73F0900529672BC800E41566 /* UIView+SizeConstraints.swift */ = {isa = PBXFileReference; lastKnownFileType = sourcecode.swift; path = "UIView+SizeConstraints.swift"; sourceTree = "<group>"; };
		73F0900729672C4C00E41566 /* UIView+FillSuperviewConstraints.swift */ = {isa = PBXFileReference; lastKnownFileType = sourcecode.swift; path = "UIView+FillSuperviewConstraints.swift"; sourceTree = "<group>"; };
/* End PBXFileReference section */

/* Begin PBXFrameworksBuildPhase section */
		73F08FBF2966F76400E41566 /* Frameworks */ = {
			isa = PBXFrameworksBuildPhase;
			buildActionMask = 2147483647;
			files = (
			);
			runOnlyForDeploymentPostprocessing = 0;
		};
		73F08FD52966F76500E41566 /* Frameworks */ = {
			isa = PBXFrameworksBuildPhase;
			buildActionMask = 2147483647;
			files = (
			);
			runOnlyForDeploymentPostprocessing = 0;
		};
		73F08FDF2966F76500E41566 /* Frameworks */ = {
			isa = PBXFrameworksBuildPhase;
			buildActionMask = 2147483647;
			files = (
			);
			runOnlyForDeploymentPostprocessing = 0;
		};
/* End PBXFrameworksBuildPhase section */

/* Begin PBXGroup section */
		730041EA296820DF0051B588 /* UITextFileld */ = {
			isa = PBXGroup;
			children = (
				730041EB2968210A0051B588 /* UITextField+SetPaddingPoints.swift */,
			);
			path = UITextFileld;
			sourceTree = "<group>";
		};
		73079FFE2978A728000D83C9 /* Model */ = {
			isa = PBXGroup;
			children = (
				73079FFF2978A732000D83C9 /* Story.swift */,
				737E88262979AA24006E79AE /* Category.swift */,
				73A7AFDB2979EDED00CA70ED /* Book.swift */,
			);
			path = Model;
			sourceTree = "<group>";
		};
		737E881F29798D3C006E79AE /* UICollectionView */ = {
			isa = PBXGroup;
			children = (
				737E882029798D97006E79AE /* UICollectionView+dequeReusable.swift */,
				737E882229798DF9006E79AE /* UICollectionView+register.swift */,
			);
			path = UICollectionView;
			sourceTree = "<group>";
		};
		7385427B29787CF100176F5B /* Core */ = {
			isa = PBXGroup;
			children = (
				7385427C29787D2300176F5B /* AppTabBarController.swift */,
				7385427E29787D4400176F5B /* Home */,
				738542B52978801E00176F5B /* Explore */,
				738542B72978801E00176F5B /* Library */,
			);
			path = Core;
			sourceTree = "<group>";
		};
		7385427E29787D4400176F5B /* Home */ = {
			isa = PBXGroup;
			children = (
				73C24F90297C6C01003718CA /* Supplementary Views */,
				73079FFE2978A728000D83C9 /* Model */,
				738542AF29787F8800176F5B /* Cells */,
				738542AC29787F7500176F5B /* SectionLayout */,
				7385427F29787D6800176F5B /* HomeViewController.swift */,
				7385428129787DA500176F5B /* GoodAfterNoonView.swift */,
			);
			path = Home;
			sourceTree = "<group>";
		};
		7385428329787DBE00176F5B /* SubClass */ = {
			isa = PBXGroup;
			children = (
				7385428429787DBE00176F5B /* CircledImageView.swift */,
			);
			path = SubClass;
			sourceTree = "<group>";
		};
		7385428629787E4600176F5B /* Login&SignupFlow */ = {
			isa = PBXGroup;
			children = (
				7385428729787E4600176F5B /* SignUpViewController.swift */,
				7385428829787E4600176F5B /* SubClasses */,
				7385429029787E4600176F5B /* SelcetGeneres */,
				7385429329787E4600176F5B /* Forgot Password */,
				7385429729787E4600176F5B /* Login */,
			);
			path = "Login&SignupFlow";
			sourceTree = "<group>";
		};
		7385428829787E4600176F5B /* SubClasses */ = {
			isa = PBXGroup;
			children = (
				7385428929787E4600176F5B /* FormTextField.swift */,
				7385428A29787E4600176F5B /* BlueredView.swift */,
				7385428B29787E4600176F5B /* UserDetailView.swift */,
				7385428C29787E4600176F5B /* AccentGreenButton.swift */,
				7385428D29787E4600176F5B /* VerticalStackView.swift */,
				7385428E29787E4600176F5B /* LoginSignUpFlowViewController.swift */,
				7385428F29787E4600176F5B /* SocialMediaButton.swift */,
			);
			path = SubClasses;
			sourceTree = "<group>";
		};
		7385429029787E4600176F5B /* SelcetGeneres */ = {
			isa = PBXGroup;
			children = (
				7385429129787E4600176F5B /* GeneryCell.swift */,
				7385429229787E4600176F5B /* SelectGeneresViewController.swift */,
			);
			path = SelcetGeneres;
			sourceTree = "<group>";
		};
		7385429329787E4600176F5B /* Forgot Password */ = {
			isa = PBXGroup;
			children = (
				7385429429787E4600176F5B /* RecoverPasswordViewController.swift */,
				7385429529787E4600176F5B /* VerifyCodeViewController.swift */,
				7385429629787E4600176F5B /* SetPasswordViewController.swift */,
			);
			path = "Forgot Password";
			sourceTree = "<group>";
		};
		7385429729787E4600176F5B /* Login */ = {
			isa = PBXGroup;
			children = (
				7385429829787E4600176F5B /* LoginEmailViewController.swift */,
				7385429929787E4600176F5B /* LoginPasswordViewController.swift */,
			);
			path = Login;
			sourceTree = "<group>";
		};
		738542A929787E5F00176F5B /* UICollectionViewCell */ = {
			isa = PBXGroup;
			children = (
				738542AA29787E5F00176F5B /* UICollectionViewCell+identifer.swift */,
			);
			path = UICollectionViewCell;
			sourceTree = "<group>";
		};
		738542AC29787F7500176F5B /* SectionLayout */ = {
			isa = PBXGroup;
			children = (
				738542AD29787F7500176F5B /* StoriesSection.swift */,
				737E881B29798047006E79AE /* CategoriesSection.swift */,
				73A7AFD52979E3F500CA70ED /* CardSection.swift */,
				73A7AFD92979ECFD00CA70ED /* BooksSection.swift */,
			);
			path = SectionLayout;
			sourceTree = "<group>";
		};
		738542AF29787F8800176F5B /* Cells */ = {
			isa = PBXGroup;
			children = (
				738542B029787F8800176F5B /* StoryCell.swift */,
				737E881D297986C7006E79AE /* CategoriesCell.swift */,
				737E88242979A90B006E79AE /* CategoryView.swift */,
				737E88282979AD08006E79AE /* CategoriesView.swift */,
				73A7AFD72979E65A00CA70ED /* CartCell.swift */,
				73C24F8C297C34D5003718CA /* BookCell.swift */,
				73C24F8E297C4C24003718CA /* BookView.swift */,
			);
			path = Cells;
			sourceTree = "<group>";
		};
		738542B229787F9100176F5B /* Delegate */ = {
			isa = PBXGroup;
			children = (
				738542B329787F9100176F5B /* CollectionViewSectionDelegate.swift */,
			);
			path = Delegate;
			sourceTree = "<group>";
		};
		738542B52978801E00176F5B /* Explore */ = {
			isa = PBXGroup;
			children = (
				738542B62978801E00176F5B /* ExploreViewController.swift */,
			);
			path = Explore;
			sourceTree = "<group>";
		};
		738542B72978801E00176F5B /* Library */ = {
			isa = PBXGroup;
			children = (
				738542B82978801E00176F5B /* LibraryViewController.swift */,
			);
			path = Library;
			sourceTree = "<group>";
		};
		73A7AFDD2979F4AB00CA70ED /* UIImage */ = {
			isa = PBXGroup;
			children = (
				73A7AFDE2979F4CA00CA70ED /* UIImage+imageWithColor.swift */,
			);
			path = UIImage;
			sourceTree = "<group>";
		};
		73C24F90297C6C01003718CA /* Supplementary Views */ = {
			isa = PBXGroup;
			children = (
				73C24F91297C6CBD003718CA /* BooksSectionHeaderView.swift */,
			);
			path = "Supplementary Views";
			sourceTree = "<group>";
		};
		73F08FB92966F76400E41566 = {
			isa = PBXGroup;
			children = (
				73F08FC42966F76400E41566 /* Book Nexus */,
				73F08FDB2966F76500E41566 /* Book NexusTests */,
				73F08FE52966F76500E41566 /* Book NexusUITests */,
				73F08FC32966F76400E41566 /* Products */,
			);
			sourceTree = "<group>";
		};
		73F08FC32966F76400E41566 /* Products */ = {
			isa = PBXGroup;
			children = (
				73F08FC22966F76400E41566 /* Book Nexus.app */,
				73F08FD82966F76500E41566 /* Book NexusTests.xctest */,
				73F08FE22966F76500E41566 /* Book NexusUITests.xctest */,
			);
			name = Products;
			sourceTree = "<group>";
		};
		73F08FC42966F76400E41566 /* Book Nexus */ = {
			isa = PBXGroup;
			children = (
				73F08FF92966F9F900E41566 /* Resources */,
				73F08FFA2966FDDE00E41566 /* Manager */,
				73F08FFF2967144500E41566 /* Extensions */,
				7385428329787DBE00176F5B /* SubClass */,
				738542B229787F9100176F5B /* Delegate */,
				73F090092967446500E41566 /* Base */,
				73F08FD02966F76400E41566 /* LaunchScreen.storyboard */,
				73F08FD32966F76400E41566 /* Info.plist */,
				73F08FF52966F96700E41566 /* README.md */,
				73F08FF72966F97000E41566 /* LICENSE */,
			);
			path = "Book Nexus";
			sourceTree = "<group>";
		};
		73F08FDB2966F76500E41566 /* Book NexusTests */ = {
			isa = PBXGroup;
			children = (
				73F08FDC2966F76500E41566 /* Book_NexusTests.swift */,
			);
			path = "Book NexusTests";
			sourceTree = "<group>";
		};
		73F08FE52966F76500E41566 /* Book NexusUITests */ = {
			isa = PBXGroup;
			children = (
				73F08FE62966F76500E41566 /* Book_NexusUITests.swift */,
				73F08FE82966F76500E41566 /* Book_NexusUITestsLaunchTests.swift */,
			);
			path = "Book NexusUITests";
			sourceTree = "<group>";
		};
		73F08FF92966F9F900E41566 /* Resources */ = {
			isa = PBXGroup;
			children = (
				73F08FC52966F76400E41566 /* AppDelegate.swift */,
				73F08FC72966F76400E41566 /* SceneDelegate.swift */,
				73F08FCE2966F76400E41566 /* Assets.xcassets */,
			);
			path = Resources;
			sourceTree = "<group>";
		};
		73F08FFA2966FDDE00E41566 /* Manager */ = {
			isa = PBXGroup;
			children = (
				73F08FFB2966FE0F00E41566 /* ColorsManager.swift */,
				73F08FFD29670B8200E41566 /* ImagesManager.swift */,
			);
			path = Manager;
			sourceTree = "<group>";
		};
		73F08FFF2967144500E41566 /* Extensions */ = {
			isa = PBXGroup;
			children = (
				73A7AFDD2979F4AB00CA70ED /* UIImage */,
				737E881F29798D3C006E79AE /* UICollectionView */,
				738542A929787E5F00176F5B /* UICollectionViewCell */,
				73F090022967146700E41566 /* UIView */,
				730041EA296820DF0051B588 /* UITextFileld */,
			);
			path = Extensions;
			sourceTree = "<group>";
		};
		73F090022967146700E41566 /* UIView */ = {
			isa = PBXGroup;
			children = (
				73F090002967145D00E41566 /* UIView+MakeConstraints.swift */,
				73F0900329672A0700E41566 /* UIView+CenterInSuperviewConstraints.swift */,
				73F0900529672BC800E41566 /* UIView+SizeConstraints.swift */,
				73F0900729672C4C00E41566 /* UIView+FillSuperviewConstraints.swift */,
			);
			path = UIView;
			sourceTree = "<group>";
		};
		73F090092967446500E41566 /* Base */ = {
			isa = PBXGroup;
			children = (
				7385428629787E4600176F5B /* Login&SignupFlow */,
				7385427B29787CF100176F5B /* Core */,
			);
			path = Base;
			sourceTree = "<group>";
		};
/* End PBXGroup section */

/* Begin PBXNativeTarget section */
		73F08FC12966F76400E41566 /* Book Nexus */ = {
			isa = PBXNativeTarget;
			buildConfigurationList = 73F08FEC2966F76500E41566 /* Build configuration list for PBXNativeTarget "Book Nexus" */;
			buildPhases = (
				73F08FBE2966F76400E41566 /* Sources */,
				73F08FBF2966F76400E41566 /* Frameworks */,
				73F08FC02966F76400E41566 /* Resources */,
			);
			buildRules = (
			);
			dependencies = (
			);
			name = "Book Nexus";
			productName = "Book Nexus";
			productReference = 73F08FC22966F76400E41566 /* Book Nexus.app */;
			productType = "com.apple.product-type.application";
		};
		73F08FD72966F76500E41566 /* Book NexusTests */ = {
			isa = PBXNativeTarget;
			buildConfigurationList = 73F08FEF2966F76500E41566 /* Build configuration list for PBXNativeTarget "Book NexusTests" */;
			buildPhases = (
				73F08FD42966F76500E41566 /* Sources */,
				73F08FD52966F76500E41566 /* Frameworks */,
				73F08FD62966F76500E41566 /* Resources */,
			);
			buildRules = (
			);
			dependencies = (
				73F08FDA2966F76500E41566 /* PBXTargetDependency */,
			);
			name = "Book NexusTests";
			productName = "Book NexusTests";
			productReference = 73F08FD82966F76500E41566 /* Book NexusTests.xctest */;
			productType = "com.apple.product-type.bundle.unit-test";
		};
		73F08FE12966F76500E41566 /* Book NexusUITests */ = {
			isa = PBXNativeTarget;
			buildConfigurationList = 73F08FF22966F76500E41566 /* Build configuration list for PBXNativeTarget "Book NexusUITests" */;
			buildPhases = (
				73F08FDE2966F76500E41566 /* Sources */,
				73F08FDF2966F76500E41566 /* Frameworks */,
				73F08FE02966F76500E41566 /* Resources */,
			);
			buildRules = (
			);
			dependencies = (
				73F08FE42966F76500E41566 /* PBXTargetDependency */,
			);
			name = "Book NexusUITests";
			productName = "Book NexusUITests";
			productReference = 73F08FE22966F76500E41566 /* Book NexusUITests.xctest */;
			productType = "com.apple.product-type.bundle.ui-testing";
		};
/* End PBXNativeTarget section */

/* Begin PBXProject section */
		73F08FBA2966F76400E41566 /* Project object */ = {
			isa = PBXProject;
			attributes = {
				BuildIndependentTargetsInParallel = 1;
				LastSwiftUpdateCheck = 1400;
				LastUpgradeCheck = 1400;
				TargetAttributes = {
					73F08FC12966F76400E41566 = {
						CreatedOnToolsVersion = 14.0.1;
					};
					73F08FD72966F76500E41566 = {
						CreatedOnToolsVersion = 14.0.1;
						TestTargetID = 73F08FC12966F76400E41566;
					};
					73F08FE12966F76500E41566 = {
						CreatedOnToolsVersion = 14.0.1;
						TestTargetID = 73F08FC12966F76400E41566;
					};
				};
			};
			buildConfigurationList = 73F08FBD2966F76400E41566 /* Build configuration list for PBXProject "Book Nexus" */;
			compatibilityVersion = "Xcode 14.0";
			developmentRegion = en;
			hasScannedForEncodings = 0;
			knownRegions = (
				en,
				Base,
			);
			mainGroup = 73F08FB92966F76400E41566;
			productRefGroup = 73F08FC32966F76400E41566 /* Products */;
			projectDirPath = "";
			projectRoot = "";
			targets = (
				73F08FC12966F76400E41566 /* Book Nexus */,
				73F08FD72966F76500E41566 /* Book NexusTests */,
				73F08FE12966F76500E41566 /* Book NexusUITests */,
			);
		};
/* End PBXProject section */

/* Begin PBXResourcesBuildPhase section */
		73F08FC02966F76400E41566 /* Resources */ = {
			isa = PBXResourcesBuildPhase;
			buildActionMask = 2147483647;
			files = (
				73F08FD22966F76400E41566 /* LaunchScreen.storyboard in Resources */,
				73F08FCF2966F76400E41566 /* Assets.xcassets in Resources */,
				73F08FF62966F96700E41566 /* README.md in Resources */,
				73F08FF82966F97100E41566 /* LICENSE in Resources */,
			);
			runOnlyForDeploymentPostprocessing = 0;
		};
		73F08FD62966F76500E41566 /* Resources */ = {
			isa = PBXResourcesBuildPhase;
			buildActionMask = 2147483647;
			files = (
			);
			runOnlyForDeploymentPostprocessing = 0;
		};
		73F08FE02966F76500E41566 /* Resources */ = {
			isa = PBXResourcesBuildPhase;
			buildActionMask = 2147483647;
			files = (
			);
			runOnlyForDeploymentPostprocessing = 0;
		};
/* End PBXResourcesBuildPhase section */

/* Begin PBXSourcesBuildPhase section */
		73F08FBE2966F76400E41566 /* Sources */ = {
			isa = PBXSourcesBuildPhase;
			buildActionMask = 2147483647;
			files = (
				7385427D29787D2300176F5B /* AppTabBarController.swift in Sources */,
				738542AB29787E5F00176F5B /* UICollectionViewCell+identifer.swift in Sources */,
				738542A829787E4600176F5B /* LoginPasswordViewController.swift in Sources */,
				737E882329798DF9006E79AE /* UICollectionView+register.swift in Sources */,
				7385429B29787E4600176F5B /* FormTextField.swift in Sources */,
				738542BA2978801E00176F5B /* LibraryViewController.swift in Sources */,
				7385428229787DA500176F5B /* GoodAfterNoonView.swift in Sources */,
				73F0900429672A0700E41566 /* UIView+CenterInSuperviewConstraints.swift in Sources */,
				73A7AFDC2979EDED00CA70ED /* Book.swift in Sources */,
				737E88292979AD08006E79AE /* CategoriesView.swift in Sources */,
				737E88252979A90B006E79AE /* CategoryView.swift in Sources */,
				737E88272979AA24006E79AE /* Category.swift in Sources */,
				738542A029787E4600176F5B /* LoginSignUpFlowViewController.swift in Sources */,
				73A7AFD62979E3F500CA70ED /* CardSection.swift in Sources */,
				737E882129798D97006E79AE /* UICollectionView+dequeReusable.swift in Sources */,
				7385429D29787E4600176F5B /* UserDetailView.swift in Sources */,
				73A7AFD82979E65A00CA70ED /* CartCell.swift in Sources */,
				737E881E297986C7006E79AE /* CategoriesCell.swift in Sources */,
				738542B129787F8800176F5B /* StoryCell.swift in Sources */,
				738542A429787E4600176F5B /* RecoverPasswordViewController.swift in Sources */,
				73A7AFDF2979F4CB00CA70ED /* UIImage+imageWithColor.swift in Sources */,
				738542A329787E4600176F5B /* SelectGeneresViewController.swift in Sources */,
				73F08FFE29670B8200E41566 /* ImagesManager.swift in Sources */,
				73F08FFC2966FE0F00E41566 /* ColorsManager.swift in Sources */,
				7307A0002978A732000D83C9 /* Story.swift in Sources */,
				7385428029787D6800176F5B /* HomeViewController.swift in Sources */,
				738542A529787E4600176F5B /* VerifyCodeViewController.swift in Sources */,
				738542A629787E4600176F5B /* SetPasswordViewController.swift in Sources */,
				738542AE29787F7500176F5B /* StoriesSection.swift in Sources */,
				7385428529787DBE00176F5B /* CircledImageView.swift in Sources */,
				7385429E29787E4600176F5B /* AccentGreenButton.swift in Sources */,
				737E881C29798047006E79AE /* CategoriesSection.swift in Sources */,
				73F090012967145D00E41566 /* UIView+MakeConstraints.swift in Sources */,
				738542B92978801E00176F5B /* ExploreViewController.swift in Sources */,
				7385429A29787E4600176F5B /* SignUpViewController.swift in Sources */,
				738542A229787E4600176F5B /* GeneryCell.swift in Sources */,
				73C24F8D297C34D5003718CA /* BookCell.swift in Sources */,
				738542A129787E4600176F5B /* SocialMediaButton.swift in Sources */,
				73C24F92297C6CBD003718CA /* BooksSectionHeaderView.swift in Sources */,
				7385429F29787E4600176F5B /* VerticalStackView.swift in Sources */,
				7385429C29787E4600176F5B /* BlueredView.swift in Sources */,
				730041EC2968210A0051B588 /* UITextField+SetPaddingPoints.swift in Sources */,
				73F08FC62966F76400E41566 /* AppDelegate.swift in Sources */,
				73F0900629672BC800E41566 /* UIView+SizeConstraints.swift in Sources */,
				738542A729787E4600176F5B /* LoginEmailViewController.swift in Sources */,
				738542B429787F9100176F5B /* CollectionViewSectionDelegate.swift in Sources */,
				73F08FC82966F76400E41566 /* SceneDelegate.swift in Sources */,
				73A7AFDA2979ECFD00CA70ED /* BooksSection.swift in Sources */,
				73C24F8F297C4C24003718CA /* BookView.swift in Sources */,
				73F0900829672C4C00E41566 /* UIView+FillSuperviewConstraints.swift in Sources */,
			);
			runOnlyForDeploymentPostprocessing = 0;
		};
		73F08FD42966F76500E41566 /* Sources */ = {
			isa = PBXSourcesBuildPhase;
			buildActionMask = 2147483647;
			files = (
				73F08FDD2966F76500E41566 /* Book_NexusTests.swift in Sources */,
			);
			runOnlyForDeploymentPostprocessing = 0;
		};
		73F08FDE2966F76500E41566 /* Sources */ = {
			isa = PBXSourcesBuildPhase;
			buildActionMask = 2147483647;
			files = (
				73F08FE72966F76500E41566 /* Book_NexusUITests.swift in Sources */,
				73F08FE92966F76500E41566 /* Book_NexusUITestsLaunchTests.swift in Sources */,
			);
			runOnlyForDeploymentPostprocessing = 0;
		};
/* End PBXSourcesBuildPhase section */

/* Begin PBXTargetDependency section */
		73F08FDA2966F76500E41566 /* PBXTargetDependency */ = {
			isa = PBXTargetDependency;
			target = 73F08FC12966F76400E41566 /* Book Nexus */;
			targetProxy = 73F08FD92966F76500E41566 /* PBXContainerItemProxy */;
		};
		73F08FE42966F76500E41566 /* PBXTargetDependency */ = {
			isa = PBXTargetDependency;
			target = 73F08FC12966F76400E41566 /* Book Nexus */;
			targetProxy = 73F08FE32966F76500E41566 /* PBXContainerItemProxy */;
		};
/* End PBXTargetDependency section */

/* Begin PBXVariantGroup section */
		73F08FD02966F76400E41566 /* LaunchScreen.storyboard */ = {
			isa = PBXVariantGroup;
			children = (
				73F08FD12966F76400E41566 /* Base */,
			);
			name = LaunchScreen.storyboard;
			sourceTree = "<group>";
		};
/* End PBXVariantGroup section */

/* Begin XCBuildConfiguration section */
		73F08FEA2966F76500E41566 /* Debug */ = {
			isa = XCBuildConfiguration;
			buildSettings = {
				ALWAYS_SEARCH_USER_PATHS = NO;
				CLANG_ANALYZER_NONNULL = YES;
				CLANG_ANALYZER_NUMBER_OBJECT_CONVERSION = YES_AGGRESSIVE;
				CLANG_CXX_LANGUAGE_STANDARD = "gnu++20";
				CLANG_ENABLE_MODULES = YES;
				CLANG_ENABLE_OBJC_ARC = YES;
				CLANG_ENABLE_OBJC_WEAK = YES;
				CLANG_WARN_BLOCK_CAPTURE_AUTORELEASING = YES;
				CLANG_WARN_BOOL_CONVERSION = YES;
				CLANG_WARN_COMMA = YES;
				CLANG_WARN_CONSTANT_CONVERSION = YES;
				CLANG_WARN_DEPRECATED_OBJC_IMPLEMENTATIONS = YES;
				CLANG_WARN_DIRECT_OBJC_ISA_USAGE = YES_ERROR;
				CLANG_WARN_DOCUMENTATION_COMMENTS = YES;
				CLANG_WARN_EMPTY_BODY = YES;
				CLANG_WARN_ENUM_CONVERSION = YES;
				CLANG_WARN_INFINITE_RECURSION = YES;
				CLANG_WARN_INT_CONVERSION = YES;
				CLANG_WARN_NON_LITERAL_NULL_CONVERSION = YES;
				CLANG_WARN_OBJC_IMPLICIT_RETAIN_SELF = YES;
				CLANG_WARN_OBJC_LITERAL_CONVERSION = YES;
				CLANG_WARN_OBJC_ROOT_CLASS = YES_ERROR;
				CLANG_WARN_QUOTED_INCLUDE_IN_FRAMEWORK_HEADER = YES;
				CLANG_WARN_RANGE_LOOP_ANALYSIS = YES;
				CLANG_WARN_STRICT_PROTOTYPES = YES;
				CLANG_WARN_SUSPICIOUS_MOVE = YES;
				CLANG_WARN_UNGUARDED_AVAILABILITY = YES_AGGRESSIVE;
				CLANG_WARN_UNREACHABLE_CODE = YES;
				CLANG_WARN__DUPLICATE_METHOD_MATCH = YES;
				COPY_PHASE_STRIP = NO;
				DEBUG_INFORMATION_FORMAT = dwarf;
				ENABLE_STRICT_OBJC_MSGSEND = YES;
				ENABLE_TESTABILITY = YES;
				GCC_C_LANGUAGE_STANDARD = gnu11;
				GCC_DYNAMIC_NO_PIC = NO;
				GCC_NO_COMMON_BLOCKS = YES;
				GCC_OPTIMIZATION_LEVEL = 0;
				GCC_PREPROCESSOR_DEFINITIONS = (
					"DEBUG=1",
					"$(inherited)",
				);
				GCC_WARN_64_TO_32_BIT_CONVERSION = YES;
				GCC_WARN_ABOUT_RETURN_TYPE = YES_ERROR;
				GCC_WARN_UNDECLARED_SELECTOR = YES;
				GCC_WARN_UNINITIALIZED_AUTOS = YES_AGGRESSIVE;
				GCC_WARN_UNUSED_FUNCTION = YES;
				GCC_WARN_UNUSED_VARIABLE = YES;
				IPHONEOS_DEPLOYMENT_TARGET = 16.0;
				MTL_ENABLE_DEBUG_INFO = INCLUDE_SOURCE;
				MTL_FAST_MATH = YES;
				ONLY_ACTIVE_ARCH = YES;
				SDKROOT = iphoneos;
				SWIFT_ACTIVE_COMPILATION_CONDITIONS = DEBUG;
				SWIFT_OPTIMIZATION_LEVEL = "-Onone";
			};
			name = Debug;
		};
		73F08FEB2966F76500E41566 /* Release */ = {
			isa = XCBuildConfiguration;
			buildSettings = {
				ALWAYS_SEARCH_USER_PATHS = NO;
				CLANG_ANALYZER_NONNULL = YES;
				CLANG_ANALYZER_NUMBER_OBJECT_CONVERSION = YES_AGGRESSIVE;
				CLANG_CXX_LANGUAGE_STANDARD = "gnu++20";
				CLANG_ENABLE_MODULES = YES;
				CLANG_ENABLE_OBJC_ARC = YES;
				CLANG_ENABLE_OBJC_WEAK = YES;
				CLANG_WARN_BLOCK_CAPTURE_AUTORELEASING = YES;
				CLANG_WARN_BOOL_CONVERSION = YES;
				CLANG_WARN_COMMA = YES;
				CLANG_WARN_CONSTANT_CONVERSION = YES;
				CLANG_WARN_DEPRECATED_OBJC_IMPLEMENTATIONS = YES;
				CLANG_WARN_DIRECT_OBJC_ISA_USAGE = YES_ERROR;
				CLANG_WARN_DOCUMENTATION_COMMENTS = YES;
				CLANG_WARN_EMPTY_BODY = YES;
				CLANG_WARN_ENUM_CONVERSION = YES;
				CLANG_WARN_INFINITE_RECURSION = YES;
				CLANG_WARN_INT_CONVERSION = YES;
				CLANG_WARN_NON_LITERAL_NULL_CONVERSION = YES;
				CLANG_WARN_OBJC_IMPLICIT_RETAIN_SELF = YES;
				CLANG_WARN_OBJC_LITERAL_CONVERSION = YES;
				CLANG_WARN_OBJC_ROOT_CLASS = YES_ERROR;
				CLANG_WARN_QUOTED_INCLUDE_IN_FRAMEWORK_HEADER = YES;
				CLANG_WARN_RANGE_LOOP_ANALYSIS = YES;
				CLANG_WARN_STRICT_PROTOTYPES = YES;
				CLANG_WARN_SUSPICIOUS_MOVE = YES;
				CLANG_WARN_UNGUARDED_AVAILABILITY = YES_AGGRESSIVE;
				CLANG_WARN_UNREACHABLE_CODE = YES;
				CLANG_WARN__DUPLICATE_METHOD_MATCH = YES;
				COPY_PHASE_STRIP = NO;
				DEBUG_INFORMATION_FORMAT = "dwarf-with-dsym";
				ENABLE_NS_ASSERTIONS = NO;
				ENABLE_STRICT_OBJC_MSGSEND = YES;
				GCC_C_LANGUAGE_STANDARD = gnu11;
				GCC_NO_COMMON_BLOCKS = YES;
				GCC_WARN_64_TO_32_BIT_CONVERSION = YES;
				GCC_WARN_ABOUT_RETURN_TYPE = YES_ERROR;
				GCC_WARN_UNDECLARED_SELECTOR = YES;
				GCC_WARN_UNINITIALIZED_AUTOS = YES_AGGRESSIVE;
				GCC_WARN_UNUSED_FUNCTION = YES;
				GCC_WARN_UNUSED_VARIABLE = YES;
				IPHONEOS_DEPLOYMENT_TARGET = 16.0;
				MTL_ENABLE_DEBUG_INFO = NO;
				MTL_FAST_MATH = YES;
				SDKROOT = iphoneos;
				SWIFT_COMPILATION_MODE = wholemodule;
				SWIFT_OPTIMIZATION_LEVEL = "-O";
				VALIDATE_PRODUCT = YES;
			};
			name = Release;
		};
		73F08FED2966F76500E41566 /* Debug */ = {
			isa = XCBuildConfiguration;
			buildSettings = {
				ASSETCATALOG_COMPILER_APPICON_NAME = AppIcon;
				ASSETCATALOG_COMPILER_GLOBAL_ACCENT_COLOR_NAME = AccentColor;
				CODE_SIGN_STYLE = Automatic;
				CURRENT_PROJECT_VERSION = 1;
				DEVELOPMENT_TEAM = 4U8DMJ33ZN;
				GENERATE_INFOPLIST_FILE = YES;
				INFOPLIST_FILE = "Book Nexus/Info.plist";
				INFOPLIST_KEY_UIApplicationSupportsIndirectInputEvents = YES;
				INFOPLIST_KEY_UILaunchStoryboardName = LaunchScreen;
				INFOPLIST_KEY_UISupportedInterfaceOrientations_iPad = "UIInterfaceOrientationPortrait UIInterfaceOrientationPortraitUpsideDown UIInterfaceOrientationLandscapeLeft UIInterfaceOrientationLandscapeRight";
				INFOPLIST_KEY_UISupportedInterfaceOrientations_iPhone = "UIInterfaceOrientationPortrait UIInterfaceOrientationLandscapeLeft UIInterfaceOrientationLandscapeRight";
				LD_RUNPATH_SEARCH_PATHS = (
					"$(inherited)",
					"@executable_path/Frameworks",
				);
				MARKETING_VERSION = 1.0;
				PRODUCT_BUNDLE_IDENTIFIER = "yamany.Book-Nexus";
				PRODUCT_NAME = "$(TARGET_NAME)";
				SWIFT_EMIT_LOC_STRINGS = YES;
				SWIFT_VERSION = 5.0;
				TARGETED_DEVICE_FAMILY = "1,2";
			};
			name = Debug;
		};
		73F08FEE2966F76500E41566 /* Release */ = {
			isa = XCBuildConfiguration;
			buildSettings = {
				ASSETCATALOG_COMPILER_APPICON_NAME = AppIcon;
				ASSETCATALOG_COMPILER_GLOBAL_ACCENT_COLOR_NAME = AccentColor;
				CODE_SIGN_STYLE = Automatic;
				CURRENT_PROJECT_VERSION = 1;
				DEVELOPMENT_TEAM = 4U8DMJ33ZN;
				GENERATE_INFOPLIST_FILE = YES;
				INFOPLIST_FILE = "Book Nexus/Info.plist";
				INFOPLIST_KEY_UIApplicationSupportsIndirectInputEvents = YES;
				INFOPLIST_KEY_UILaunchStoryboardName = LaunchScreen;
				INFOPLIST_KEY_UISupportedInterfaceOrientations_iPad = "UIInterfaceOrientationPortrait UIInterfaceOrientationPortraitUpsideDown UIInterfaceOrientationLandscapeLeft UIInterfaceOrientationLandscapeRight";
				INFOPLIST_KEY_UISupportedInterfaceOrientations_iPhone = "UIInterfaceOrientationPortrait UIInterfaceOrientationLandscapeLeft UIInterfaceOrientationLandscapeRight";
				LD_RUNPATH_SEARCH_PATHS = (
					"$(inherited)",
					"@executable_path/Frameworks",
				);
				MARKETING_VERSION = 1.0;
				PRODUCT_BUNDLE_IDENTIFIER = "yamany.Book-Nexus";
				PRODUCT_NAME = "$(TARGET_NAME)";
				SWIFT_EMIT_LOC_STRINGS = YES;
				SWIFT_VERSION = 5.0;
				TARGETED_DEVICE_FAMILY = "1,2";
			};
			name = Release;
		};
		73F08FF02966F76500E41566 /* Debug */ = {
			isa = XCBuildConfiguration;
			buildSettings = {
				ALWAYS_EMBED_SWIFT_STANDARD_LIBRARIES = YES;
				BUNDLE_LOADER = "$(TEST_HOST)";
				CODE_SIGN_STYLE = Automatic;
				CURRENT_PROJECT_VERSION = 1;
				DEVELOPMENT_TEAM = 4U8DMJ33ZN;
				GENERATE_INFOPLIST_FILE = YES;
				IPHONEOS_DEPLOYMENT_TARGET = 16.0;
				MARKETING_VERSION = 1.0;
				PRODUCT_BUNDLE_IDENTIFIER = "yamany.Book-NexusTests";
				PRODUCT_NAME = "$(TARGET_NAME)";
				SWIFT_EMIT_LOC_STRINGS = NO;
				SWIFT_VERSION = 5.0;
				TARGETED_DEVICE_FAMILY = "1,2";
				TEST_HOST = "$(BUILT_PRODUCTS_DIR)/Book Nexus.app/$(BUNDLE_EXECUTABLE_FOLDER_PATH)/Book Nexus";
			};
			name = Debug;
		};
		73F08FF12966F76500E41566 /* Release */ = {
			isa = XCBuildConfiguration;
			buildSettings = {
				ALWAYS_EMBED_SWIFT_STANDARD_LIBRARIES = YES;
				BUNDLE_LOADER = "$(TEST_HOST)";
				CODE_SIGN_STYLE = Automatic;
				CURRENT_PROJECT_VERSION = 1;
				DEVELOPMENT_TEAM = 4U8DMJ33ZN;
				GENERATE_INFOPLIST_FILE = YES;
				IPHONEOS_DEPLOYMENT_TARGET = 16.0;
				MARKETING_VERSION = 1.0;
				PRODUCT_BUNDLE_IDENTIFIER = "yamany.Book-NexusTests";
				PRODUCT_NAME = "$(TARGET_NAME)";
				SWIFT_EMIT_LOC_STRINGS = NO;
				SWIFT_VERSION = 5.0;
				TARGETED_DEVICE_FAMILY = "1,2";
				TEST_HOST = "$(BUILT_PRODUCTS_DIR)/Book Nexus.app/$(BUNDLE_EXECUTABLE_FOLDER_PATH)/Book Nexus";
			};
			name = Release;
		};
		73F08FF32966F76500E41566 /* Debug */ = {
			isa = XCBuildConfiguration;
			buildSettings = {
				ALWAYS_EMBED_SWIFT_STANDARD_LIBRARIES = YES;
				CODE_SIGN_STYLE = Automatic;
				CURRENT_PROJECT_VERSION = 1;
				DEVELOPMENT_TEAM = 4U8DMJ33ZN;
				GENERATE_INFOPLIST_FILE = YES;
				MARKETING_VERSION = 1.0;
				PRODUCT_BUNDLE_IDENTIFIER = "yamany.Book-NexusUITests";
				PRODUCT_NAME = "$(TARGET_NAME)";
				SWIFT_EMIT_LOC_STRINGS = NO;
				SWIFT_VERSION = 5.0;
				TARGETED_DEVICE_FAMILY = "1,2";
				TEST_TARGET_NAME = "Book Nexus";
			};
			name = Debug;
		};
		73F08FF42966F76500E41566 /* Release */ = {
			isa = XCBuildConfiguration;
			buildSettings = {
				ALWAYS_EMBED_SWIFT_STANDARD_LIBRARIES = YES;
				CODE_SIGN_STYLE = Automatic;
				CURRENT_PROJECT_VERSION = 1;
				DEVELOPMENT_TEAM = 4U8DMJ33ZN;
				GENERATE_INFOPLIST_FILE = YES;
				MARKETING_VERSION = 1.0;
				PRODUCT_BUNDLE_IDENTIFIER = "yamany.Book-NexusUITests";
				PRODUCT_NAME = "$(TARGET_NAME)";
				SWIFT_EMIT_LOC_STRINGS = NO;
				SWIFT_VERSION = 5.0;
				TARGETED_DEVICE_FAMILY = "1,2";
				TEST_TARGET_NAME = "Book Nexus";
			};
			name = Release;
		};
/* End XCBuildConfiguration section */

/* Begin XCConfigurationList section */
		73F08FBD2966F76400E41566 /* Build configuration list for PBXProject "Book Nexus" */ = {
			isa = XCConfigurationList;
			buildConfigurations = (
				73F08FEA2966F76500E41566 /* Debug */,
				73F08FEB2966F76500E41566 /* Release */,
			);
			defaultConfigurationIsVisible = 0;
			defaultConfigurationName = Release;
		};
		73F08FEC2966F76500E41566 /* Build configuration list for PBXNativeTarget "Book Nexus" */ = {
			isa = XCConfigurationList;
			buildConfigurations = (
				73F08FED2966F76500E41566 /* Debug */,
				73F08FEE2966F76500E41566 /* Release */,
			);
			defaultConfigurationIsVisible = 0;
			defaultConfigurationName = Release;
		};
		73F08FEF2966F76500E41566 /* Build configuration list for PBXNativeTarget "Book NexusTests" */ = {
			isa = XCConfigurationList;
			buildConfigurations = (
				73F08FF02966F76500E41566 /* Debug */,
				73F08FF12966F76500E41566 /* Release */,
			);
			defaultConfigurationIsVisible = 0;
			defaultConfigurationName = Release;
		};
		73F08FF22966F76500E41566 /* Build configuration list for PBXNativeTarget "Book NexusUITests" */ = {
			isa = XCConfigurationList;
			buildConfigurations = (
				73F08FF32966F76500E41566 /* Debug */,
				73F08FF42966F76500E41566 /* Release */,
			);
			defaultConfigurationIsVisible = 0;
			defaultConfigurationName = Release;
		};
/* End XCConfigurationList section */
	};
	rootObject = 73F08FBA2966F76400E41566 /* Project object */;
}
